
Microsoft Visual Studio Solution File, Format Version 12.00
# Visual Studio Version 16
VisualStudioVersion = 16.0.29806.167
MinimumVisualStudioVersion = 10.0.40219.1
Project("{FAE04EC0-301F-11D3-BF4B-00C04F79EFBC}") = "t328461", "t328461\t328461.csproj", "{374CDCDE-42B9-43E2-95AF-6F7DF3B0C360}"
EndProject
Global
	GlobalSection(SolutionConfigurationPlatforms) = preSolution
		Debug|Any CPU = Debug|Any CPU
		Release|Any CPU = Release|Any CPU
	EndGlobalSection
	GlobalSection(ProjectConfigurationPlatforms) = postSolution
		{374CDCDE-42B9-43E2-95AF-6F7DF3B0C360}.Debug|Any CPU.ActiveCfg = Debug|Any CPU
		{374CDCDE-42B9-43E2-95AF-6F7DF3B0C360}.Debug|Any CPU.Build.0 = Debug|Any CPU
		{374CDCDE-42B9-43E2-95AF-6F7DF3B0C360}.Release|Any CPU.ActiveCfg = Release|Any CPU
		{374CDCDE-42B9-43E2-95AF-6F7DF3B0C360}.Release|Any CPU.Build.0 = Release|Any CPU
	EndGlobalSection
	GlobalSection(SolutionProperties) = preSolution
		HideSolutionNode = FALSE
	EndGlobalSection
	GlobalSection(ExtensibilityGlobals) = postSolution
		SolutionGuid = {EB55A343-5A39-49D1-93E3-9109EBF955F0}
	EndGlobalSection
EndGlobal
